
Microsoft Visual Studio Solution File, Format Version 12.00
# Visual Studio 15
VisualStudioVersion = 15.0.27703.2042
MinimumVisualStudioVersion = 10.0.40219.1
Project("{9A19103F-16F7-4668-BE54-9A1E7A4F7556}") = "ReverseAddUp", "ReverseAddUp\ReverseAddUp.csproj", "{634AD424-3187-4DFF-A400-63E83AA02FEE}"
EndProject
Project("{FAE04EC0-301F-11D3-BF4B-00C04F79EFBC}") = "ReverseAddUpTetst", "ReverseAddUpTetst\ReverseAddUpTetst.csproj", "{82A7FE4B-2891-43B3-AA03-1369D99B3B48}"
EndProject
Global
	GlobalSection(SolutionConfigurationPlatforms) = preSolution
		Debug|Any CPU = Debug|Any CPU
		Release|Any CPU = Release|Any CPU
	EndGlobalSection
	GlobalSection(ProjectConfigurationPlatforms) = postSolution
		{634AD424-3187-4DFF-A400-63E83AA02FEE}.Debug|Any CPU.ActiveCfg = Debug|Any CPU
		{634AD424-3187-4DFF-A400-63E83AA02FEE}.Debug|Any CPU.Build.0 = Debug|Any CPU
		{634AD424-3187-4DFF-A400-63E83AA02FEE}.Release|Any CPU.ActiveCfg = Release|Any CPU
		{634AD424-3187-4DFF-A400-63E83AA02FEE}.Release|Any CPU.Build.0 = Release|Any CPU
		{82A7FE4B-2891-43B3-AA03-1369D99B3B48}.Debug|Any CPU.ActiveCfg = Debug|Any CPU
		{82A7FE4B-2891-43B3-AA03-1369D99B3B48}.Debug|Any CPU.Build.0 = Debug|Any CPU
		{82A7FE4B-2891-43B3-AA03-1369D99B3B48}.Release|Any CPU.ActiveCfg = Release|Any CPU
		{82A7FE4B-2891-43B3-AA03-1369D99B3B48}.Release|Any CPU.Build.0 = Release|Any CPU
	EndGlobalSection
	GlobalSection(SolutionProperties) = preSolution
		HideSolutionNode = FALSE
	EndGlobalSection
	GlobalSection(ExtensibilityGlobals) = postSolution
		SolutionGuid = {5B4D2F08-4534-4B03-A0CF-C5EA0B354B14}
	EndGlobalSection
EndGlobal
